
Microsoft Visual Studio Solution File, Format Version 12.00
# Visual Studio Version 16
VisualStudioVersion = 16.0.31911.196
MinimumVisualStudioVersion = 10.0.40219.1
Project("{FAE04EC0-301F-11D3-BF4B-00C04F79EFBC}") = "Hw8", "Hw8.csproj", "{C18ED0F0-60AF-4F88-83CA-8891DC4FD3A0}"
EndProject
Global
	GlobalSection(SolutionConfigurationPlatforms) = preSolution
		Debug|Any CPU = Debug|Any CPU
		Release|Any CPU = Release|Any CPU
	EndGlobalSection
	GlobalSection(ProjectConfigurationPlatforms) = postSolution
		{C18ED0F0-60AF-4F88-83CA-8891DC4FD3A0}.Debug|Any CPU.ActiveCfg = Debug|Any CPU
		{C18ED0F0-60AF-4F88-83CA-8891DC4FD3A0}.Debug|Any CPU.Build.0 = Debug|Any CPU
		{C18ED0F0-60AF-4F88-83CA-8891DC4FD3A0}.Release|Any CPU.ActiveCfg = Release|Any CPU
		{C18ED0F0-60AF-4F88-83CA-8891DC4FD3A0}.Release|Any CPU.Build.0 = Release|Any CPU
	EndGlobalSection
	GlobalSection(SolutionProperties) = preSolution
		HideSolutionNode = FALSE
	EndGlobalSection
	GlobalSection(ExtensibilityGlobals) = postSolution
		SolutionGuid = {6414D023-DCFA-453E-A473-453EB6029369}
	EndGlobalSection
EndGlobal
