
Microsoft Visual Studio Solution File, Format Version 12.00
# Visual Studio Version 16
VisualStudioVersion = 16.0.31911.196
MinimumVisualStudioVersion = 10.0.40219.1
Project("{FAE04EC0-301F-11D3-BF4B-00C04F79EFBC}") = "Work7", "Work7.csproj", "{8D9A1075-D8BB-475D-9B24-5B95C7118B4F}"
EndProject
Global
	GlobalSection(SolutionConfigurationPlatforms) = preSolution
		Debug|Any CPU = Debug|Any CPU
		Release|Any CPU = Release|Any CPU
	EndGlobalSection
	GlobalSection(ProjectConfigurationPlatforms) = postSolution
		{8D9A1075-D8BB-475D-9B24-5B95C7118B4F}.Debug|Any CPU.ActiveCfg = Debug|Any CPU
		{8D9A1075-D8BB-475D-9B24-5B95C7118B4F}.Debug|Any CPU.Build.0 = Debug|Any CPU
		{8D9A1075-D8BB-475D-9B24-5B95C7118B4F}.Release|Any CPU.ActiveCfg = Release|Any CPU
		{8D9A1075-D8BB-475D-9B24-5B95C7118B4F}.Release|Any CPU.Build.0 = Release|Any CPU
	EndGlobalSection
	GlobalSection(SolutionProperties) = preSolution
		HideSolutionNode = FALSE
	EndGlobalSection
	GlobalSection(ExtensibilityGlobals) = postSolution
		SolutionGuid = {1C9A9585-8BAD-4759-8F05-601989B3F66A}
	EndGlobalSection
EndGlobal
