
Microsoft Visual Studio Solution File, Format Version 12.00
# Visual Studio Version 16
VisualStudioVersion = 16.0.31829.152
MinimumVisualStudioVersion = 10.0.40219.1
Project("{FAE04EC0-301F-11D3-BF4B-00C04F79EFBC}") = "Hw7", "Hw7.csproj", "{C6EB545B-2764-47B7-BAB8-2EF65B43CC85}"
EndProject
Global
	GlobalSection(SolutionConfigurationPlatforms) = preSolution
		Debug|Any CPU = Debug|Any CPU
		Release|Any CPU = Release|Any CPU
	EndGlobalSection
	GlobalSection(ProjectConfigurationPlatforms) = postSolution
		{C6EB545B-2764-47B7-BAB8-2EF65B43CC85}.Debug|Any CPU.ActiveCfg = Debug|Any CPU
		{C6EB545B-2764-47B7-BAB8-2EF65B43CC85}.Debug|Any CPU.Build.0 = Debug|Any CPU
		{C6EB545B-2764-47B7-BAB8-2EF65B43CC85}.Release|Any CPU.ActiveCfg = Release|Any CPU
		{C6EB545B-2764-47B7-BAB8-2EF65B43CC85}.Release|Any CPU.Build.0 = Release|Any CPU
	EndGlobalSection
	GlobalSection(SolutionProperties) = preSolution
		HideSolutionNode = FALSE
	EndGlobalSection
	GlobalSection(ExtensibilityGlobals) = postSolution
		SolutionGuid = {1EDD0535-207B-4A1F-90BA-C0A9A8B1367E}
	EndGlobalSection
EndGlobal
