
Microsoft Visual Studio Solution File, Format Version 12.00
# Visual Studio Version 16
VisualStudioVersion = 16.0.31702.278
MinimumVisualStudioVersion = 10.0.40219.1
Project("{FAE04EC0-301F-11D3-BF4B-00C04F79EFBC}") = "Hw5_2", "..\Hw5_2\Hw5_2.csproj", "{637CB00D-E265-4EC1-8CEA-ED09CCE6162A}"
EndProject
Project("{FAE04EC0-301F-11D3-BF4B-00C04F79EFBC}") = "Hw5", "Hw5.csproj", "{E7FD2026-147E-40F1-AC84-3D1C0437CA1C}"
EndProject
Project("{FAE04EC0-301F-11D3-BF4B-00C04F79EFBC}") = "Hw5_3", "..\Hw5_3\Hw5_3.csproj", "{DCEB4531-D875-4B82-82DF-D851D806C084}"
EndProject
Project("{FAE04EC0-301F-11D3-BF4B-00C04F79EFBC}") = "Hw5_4", "..\Hw5_4\Hw5_4.csproj", "{6E1CC0E3-C33E-435C-B8D1-9C9782283BF2}"
EndProject
Project("{FAE04EC0-301F-11D3-BF4B-00C04F79EFBC}") = "Hw5_5", "..\Hw5_5\Hw5_5.csproj", "{E0D655AA-79C6-4802-8249-ABC4A90A905C}"
EndProject
Global
	GlobalSection(SolutionConfigurationPlatforms) = preSolution
		Debug|Any CPU = Debug|Any CPU
		Release|Any CPU = Release|Any CPU
	EndGlobalSection
	GlobalSection(ProjectConfigurationPlatforms) = postSolution
		{637CB00D-E265-4EC1-8CEA-ED09CCE6162A}.Debug|Any CPU.ActiveCfg = Debug|Any CPU
		{637CB00D-E265-4EC1-8CEA-ED09CCE6162A}.Debug|Any CPU.Build.0 = Debug|Any CPU
		{637CB00D-E265-4EC1-8CEA-ED09CCE6162A}.Release|Any CPU.ActiveCfg = Release|Any CPU
		{637CB00D-E265-4EC1-8CEA-ED09CCE6162A}.Release|Any CPU.Build.0 = Release|Any CPU
		{E7FD2026-147E-40F1-AC84-3D1C0437CA1C}.Debug|Any CPU.ActiveCfg = Debug|Any CPU
		{E7FD2026-147E-40F1-AC84-3D1C0437CA1C}.Debug|Any CPU.Build.0 = Debug|Any CPU
		{E7FD2026-147E-40F1-AC84-3D1C0437CA1C}.Release|Any CPU.ActiveCfg = Release|Any CPU
		{E7FD2026-147E-40F1-AC84-3D1C0437CA1C}.Release|Any CPU.Build.0 = Release|Any CPU
		{DCEB4531-D875-4B82-82DF-D851D806C084}.Debug|Any CPU.ActiveCfg = Debug|Any CPU
		{DCEB4531-D875-4B82-82DF-D851D806C084}.Debug|Any CPU.Build.0 = Debug|Any CPU
		{DCEB4531-D875-4B82-82DF-D851D806C084}.Release|Any CPU.ActiveCfg = Release|Any CPU
		{DCEB4531-D875-4B82-82DF-D851D806C084}.Release|Any CPU.Build.0 = Release|Any CPU
		{6E1CC0E3-C33E-435C-B8D1-9C9782283BF2}.Debug|Any CPU.ActiveCfg = Debug|Any CPU
		{6E1CC0E3-C33E-435C-B8D1-9C9782283BF2}.Debug|Any CPU.Build.0 = Debug|Any CPU
		{6E1CC0E3-C33E-435C-B8D1-9C9782283BF2}.Release|Any CPU.ActiveCfg = Release|Any CPU
		{6E1CC0E3-C33E-435C-B8D1-9C9782283BF2}.Release|Any CPU.Build.0 = Release|Any CPU
		{E0D655AA-79C6-4802-8249-ABC4A90A905C}.Debug|Any CPU.ActiveCfg = Debug|Any CPU
		{E0D655AA-79C6-4802-8249-ABC4A90A905C}.Debug|Any CPU.Build.0 = Debug|Any CPU
		{E0D655AA-79C6-4802-8249-ABC4A90A905C}.Release|Any CPU.ActiveCfg = Release|Any CPU
		{E0D655AA-79C6-4802-8249-ABC4A90A905C}.Release|Any CPU.Build.0 = Release|Any CPU
	EndGlobalSection
	GlobalSection(SolutionProperties) = preSolution
		HideSolutionNode = FALSE
	EndGlobalSection
	GlobalSection(ExtensibilityGlobals) = postSolution
		SolutionGuid = {9510E3DE-3F97-4BD1-9FEB-88955E4A4173}
	EndGlobalSection
EndGlobal
